
Microsoft Visual Studio Solution File, Format Version 12.00
# Visual Studio Version 17
VisualStudioVersion = 17.6.33815.320
MinimumVisualStudioVersion = 10.0.40219.1
Project("{FAE04EC0-301F-11D3-BF4B-00C04F79EFBC}") = "EntradaSaida", "EntradaSaida\EntradaSaida.csproj", "{1D5720DD-9BBC-4C82-A855-DCA2094F4F00}"
EndProject
Project("{FAE04EC0-301F-11D3-BF4B-00C04F79EFBC}") = "InverterNomes", "InverterNomes\InverterNomes.csproj", "{002DC5C7-10EC-4D5F-8237-63B627D179C8}"
EndProject
Global
	GlobalSection(SolutionConfigurationPlatforms) = preSolution
		Debug|Any CPU = Debug|Any CPU
		Release|Any CPU = Release|Any CPU
	EndGlobalSection
	GlobalSection(ProjectConfigurationPlatforms) = postSolution
		{1D5720DD-9BBC-4C82-A855-DCA2094F4F00}.Debug|Any CPU.ActiveCfg = Debug|Any CPU
		{1D5720DD-9BBC-4C82-A855-DCA2094F4F00}.Debug|Any CPU.Build.0 = Debug|Any CPU
		{1D5720DD-9BBC-4C82-A855-DCA2094F4F00}.Release|Any CPU.ActiveCfg = Release|Any CPU
		{1D5720DD-9BBC-4C82-A855-DCA2094F4F00}.Release|Any CPU.Build.0 = Release|Any CPU
		{002DC5C7-10EC-4D5F-8237-63B627D179C8}.Debug|Any CPU.ActiveCfg = Debug|Any CPU
		{002DC5C7-10EC-4D5F-8237-63B627D179C8}.Debug|Any CPU.Build.0 = Debug|Any CPU
		{002DC5C7-10EC-4D5F-8237-63B627D179C8}.Release|Any CPU.ActiveCfg = Release|Any CPU
		{002DC5C7-10EC-4D5F-8237-63B627D179C8}.Release|Any CPU.Build.0 = Release|Any CPU
	EndGlobalSection
	GlobalSection(SolutionProperties) = preSolution
		HideSolutionNode = FALSE
	EndGlobalSection
	GlobalSection(ExtensibilityGlobals) = postSolution
		SolutionGuid = {46D4D49F-576C-4E80-81AC-AD9BC516AF57}
	EndGlobalSection
EndGlobal
