
Microsoft Visual Studio Solution File, Format Version 12.00
# Visual Studio Version 17
VisualStudioVersion = 17.6.33815.320
MinimumVisualStudioVersion = 10.0.40219.1
Project("{FAE04EC0-301F-11D3-BF4B-00C04F79EFBC}") = "OlaMundo", "OlaMundo\OlaMundo.csproj", "{22DF5035-AAA1-4C6F-A04C-AB496628F5B6}"
EndProject
Project("{FAE04EC0-301F-11D3-BF4B-00C04F79EFBC}") = "FormsAppNetFramework", "FormsAppNetFramework\FormsAppNetFramework.csproj", "{7B93245E-C810-4EAF-8056-2E05E4AAC878}"
EndProject
Project("{FAE04EC0-301F-11D3-BF4B-00C04F79EFBC}") = "ConsoleAppDotNet", "ConsoleAppDotNet\ConsoleAppDotNet.csproj", "{1103EF1D-8E67-4640-98AB-23B29E7E2F24}"
EndProject
Project("{FAE04EC0-301F-11D3-BF4B-00C04F79EFBC}") = "ConsoleAppNetFramework", "ConsoleAppNetFramework\ConsoleAppNetFramework.csproj", "{D6737C89-4A42-4D36-A5C8-8841ACAB1EE7}"
EndProject
Project("{FAE04EC0-301F-11D3-BF4B-00C04F79EFBC}") = "ConsoleAppTopLevel", "ConsoleAppTopLevel\ConsoleAppTopLevel.csproj", "{F2F89F42-A6F7-4B1D-9EF3-71AAAEACA014}"
EndProject
Global
	GlobalSection(SolutionConfigurationPlatforms) = preSolution
		Debug|Any CPU = Debug|Any CPU
		Release|Any CPU = Release|Any CPU
	EndGlobalSection
	GlobalSection(ProjectConfigurationPlatforms) = postSolution
		{22DF5035-AAA1-4C6F-A04C-AB496628F5B6}.Debug|Any CPU.ActiveCfg = Debug|Any CPU
		{22DF5035-AAA1-4C6F-A04C-AB496628F5B6}.Debug|Any CPU.Build.0 = Debug|Any CPU
		{22DF5035-AAA1-4C6F-A04C-AB496628F5B6}.Release|Any CPU.ActiveCfg = Release|Any CPU
		{22DF5035-AAA1-4C6F-A04C-AB496628F5B6}.Release|Any CPU.Build.0 = Release|Any CPU
		{7B93245E-C810-4EAF-8056-2E05E4AAC878}.Debug|Any CPU.ActiveCfg = Debug|Any CPU
		{7B93245E-C810-4EAF-8056-2E05E4AAC878}.Debug|Any CPU.Build.0 = Debug|Any CPU
		{7B93245E-C810-4EAF-8056-2E05E4AAC878}.Release|Any CPU.ActiveCfg = Release|Any CPU
		{7B93245E-C810-4EAF-8056-2E05E4AAC878}.Release|Any CPU.Build.0 = Release|Any CPU
		{1103EF1D-8E67-4640-98AB-23B29E7E2F24}.Debug|Any CPU.ActiveCfg = Debug|Any CPU
		{1103EF1D-8E67-4640-98AB-23B29E7E2F24}.Debug|Any CPU.Build.0 = Debug|Any CPU
		{1103EF1D-8E67-4640-98AB-23B29E7E2F24}.Release|Any CPU.ActiveCfg = Release|Any CPU
		{1103EF1D-8E67-4640-98AB-23B29E7E2F24}.Release|Any CPU.Build.0 = Release|Any CPU
		{D6737C89-4A42-4D36-A5C8-8841ACAB1EE7}.Debug|Any CPU.ActiveCfg = Debug|Any CPU
		{D6737C89-4A42-4D36-A5C8-8841ACAB1EE7}.Debug|Any CPU.Build.0 = Debug|Any CPU
		{D6737C89-4A42-4D36-A5C8-8841ACAB1EE7}.Release|Any CPU.ActiveCfg = Release|Any CPU
		{D6737C89-4A42-4D36-A5C8-8841ACAB1EE7}.Release|Any CPU.Build.0 = Release|Any CPU
		{F2F89F42-A6F7-4B1D-9EF3-71AAAEACA014}.Debug|Any CPU.ActiveCfg = Debug|Any CPU
		{F2F89F42-A6F7-4B1D-9EF3-71AAAEACA014}.Debug|Any CPU.Build.0 = Debug|Any CPU
		{F2F89F42-A6F7-4B1D-9EF3-71AAAEACA014}.Release|Any CPU.ActiveCfg = Release|Any CPU
		{F2F89F42-A6F7-4B1D-9EF3-71AAAEACA014}.Release|Any CPU.Build.0 = Release|Any CPU
	EndGlobalSection
	GlobalSection(SolutionProperties) = preSolution
		HideSolutionNode = FALSE
	EndGlobalSection
	GlobalSection(ExtensibilityGlobals) = postSolution
		SolutionGuid = {FBE1FB46-3844-4652-8DE9-715BECBC2E0C}
	EndGlobalSection
EndGlobal
