
Microsoft Visual Studio Solution File, Format Version 12.00
# Visual Studio Version 17
VisualStudioVersion = 17.8.34408.163
MinimumVisualStudioVersion = 10.0.40219.1
Project("{FAE04EC0-301F-11D3-BF4B-00C04F79EFBC}") = "14Colecoes", "14Colecoes.csproj", "{D34C23F4-8868-4A7E-A772-78497B503049}"
EndProject
Global
	GlobalSection(SolutionConfigurationPlatforms) = preSolution
		Debug|Any CPU = Debug|Any CPU
		Release|Any CPU = Release|Any CPU
	EndGlobalSection
	GlobalSection(ProjectConfigurationPlatforms) = postSolution
		{D34C23F4-8868-4A7E-A772-78497B503049}.Debug|Any CPU.ActiveCfg = Debug|Any CPU
		{D34C23F4-8868-4A7E-A772-78497B503049}.Debug|Any CPU.Build.0 = Debug|Any CPU
		{D34C23F4-8868-4A7E-A772-78497B503049}.Release|Any CPU.ActiveCfg = Release|Any CPU
		{D34C23F4-8868-4A7E-A772-78497B503049}.Release|Any CPU.Build.0 = Release|Any CPU
	EndGlobalSection
	GlobalSection(SolutionProperties) = preSolution
		HideSolutionNode = FALSE
	EndGlobalSection
	GlobalSection(ExtensibilityGlobals) = postSolution
		SolutionGuid = {4FBCCA1B-9F1C-4A92-99B3-CDE0858D8D99}
	EndGlobalSection
EndGlobal
