
Microsoft Visual Studio Solution File, Format Version 12.00
# Visual Studio Version 17
VisualStudioVersion = 17.6.33815.320
MinimumVisualStudioVersion = 10.0.40219.1
Project("{FAE04EC0-301F-11D3-BF4B-00C04F79EFBC}") = "Condicao", "Condicao\Condicao.csproj", "{F307D7FC-4463-41BB-AD68-119506E9E5EB}"
EndProject
Project("{FAE04EC0-301F-11D3-BF4B-00C04F79EFBC}") = "CalculoIMC", "CalculoIMC\CalculoIMC.csproj", "{CA222046-7087-45A2-99A5-9D9813E43015}"
EndProject
Global
	GlobalSection(SolutionConfigurationPlatforms) = preSolution
		Debug|Any CPU = Debug|Any CPU
		Release|Any CPU = Release|Any CPU
	EndGlobalSection
	GlobalSection(ProjectConfigurationPlatforms) = postSolution
		{F307D7FC-4463-41BB-AD68-119506E9E5EB}.Debug|Any CPU.ActiveCfg = Debug|Any CPU
		{F307D7FC-4463-41BB-AD68-119506E9E5EB}.Debug|Any CPU.Build.0 = Debug|Any CPU
		{F307D7FC-4463-41BB-AD68-119506E9E5EB}.Release|Any CPU.ActiveCfg = Release|Any CPU
		{F307D7FC-4463-41BB-AD68-119506E9E5EB}.Release|Any CPU.Build.0 = Release|Any CPU
		{CA222046-7087-45A2-99A5-9D9813E43015}.Debug|Any CPU.ActiveCfg = Debug|Any CPU
		{CA222046-7087-45A2-99A5-9D9813E43015}.Debug|Any CPU.Build.0 = Debug|Any CPU
		{CA222046-7087-45A2-99A5-9D9813E43015}.Release|Any CPU.ActiveCfg = Release|Any CPU
		{CA222046-7087-45A2-99A5-9D9813E43015}.Release|Any CPU.Build.0 = Release|Any CPU
	EndGlobalSection
	GlobalSection(SolutionProperties) = preSolution
		HideSolutionNode = FALSE
	EndGlobalSection
	GlobalSection(ExtensibilityGlobals) = postSolution
		SolutionGuid = {D83B9F0E-B49E-4B70-AB0A-B8FAD2A0771D}
	EndGlobalSection
EndGlobal
