
Microsoft Visual Studio Solution File, Format Version 12.00
# Visual Studio Version 17
VisualStudioVersion = 17.8.34408.163
MinimumVisualStudioVersion = 10.0.40219.1
Project("{FAE04EC0-301F-11D3-BF4B-00C04F79EFBC}") = "06EstruturaCondicional", "06EstruturaCondicional.csproj", "{49A2F6B8-AE51-4A08-81CC-6107C1ABE529}"
EndProject
Global
	GlobalSection(SolutionConfigurationPlatforms) = preSolution
		Debug|Any CPU = Debug|Any CPU
		Release|Any CPU = Release|Any CPU
	EndGlobalSection
	GlobalSection(ProjectConfigurationPlatforms) = postSolution
		{49A2F6B8-AE51-4A08-81CC-6107C1ABE529}.Debug|Any CPU.ActiveCfg = Debug|Any CPU
		{49A2F6B8-AE51-4A08-81CC-6107C1ABE529}.Debug|Any CPU.Build.0 = Debug|Any CPU
		{49A2F6B8-AE51-4A08-81CC-6107C1ABE529}.Release|Any CPU.ActiveCfg = Release|Any CPU
		{49A2F6B8-AE51-4A08-81CC-6107C1ABE529}.Release|Any CPU.Build.0 = Release|Any CPU
	EndGlobalSection
	GlobalSection(SolutionProperties) = preSolution
		HideSolutionNode = FALSE
	EndGlobalSection
	GlobalSection(ExtensibilityGlobals) = postSolution
		SolutionGuid = {43E2457C-5132-4726-9C06-D94A6BB97C96}
	EndGlobalSection
EndGlobal
